
Microsoft Visual Studio Solution File, Format Version 12.00
# Visual Studio 15
Project("{FAE04EC0-301F-11D3-BF4B-00C04F79EFBC}") = "Erik's Spark Compass AR Portal Unity Project", "Erik's Spark Compass AR Portal Unity Project.csproj", "{EE741F84-065B-311D-20B5-0E5D7BD55447}"
EndProject
Project("{FAE04EC0-301F-11D3-BF4B-00C04F79EFBC}") = "Erik's Spark Compass AR Portal Unity Project.Editor", "Erik's Spark Compass AR Portal Unity Project.Editor.csproj", "{22878B43-B960-A44B-4A29-7319F4AF0748}"
EndProject
Global
	GlobalSection(SolutionConfigurationPlatforms) = preSolution
		Debug|Any CPU = Debug|Any CPU
		Release|Any CPU = Release|Any CPU
	EndGlobalSection
	GlobalSection(ProjectConfigurationPlatforms) = postSolution
		{EE741F84-065B-311D-20B5-0E5D7BD55447}.Debug|Any CPU.ActiveCfg = Debug|Any CPU
		{EE741F84-065B-311D-20B5-0E5D7BD55447}.Debug|Any CPU.Build.0 = Debug|Any CPU
		{EE741F84-065B-311D-20B5-0E5D7BD55447}.Release|Any CPU.ActiveCfg = Release|Any CPU
		{EE741F84-065B-311D-20B5-0E5D7BD55447}.Release|Any CPU.Build.0 = Release|Any CPU
		{22878B43-B960-A44B-4A29-7319F4AF0748}.Debug|Any CPU.ActiveCfg = Debug|Any CPU
		{22878B43-B960-A44B-4A29-7319F4AF0748}.Debug|Any CPU.Build.0 = Debug|Any CPU
		{22878B43-B960-A44B-4A29-7319F4AF0748}.Release|Any CPU.ActiveCfg = Release|Any CPU
		{22878B43-B960-A44B-4A29-7319F4AF0748}.Release|Any CPU.Build.0 = Release|Any CPU
	EndGlobalSection
	GlobalSection(SolutionProperties) = preSolution
		HideSolutionNode = FALSE
	EndGlobalSection
EndGlobal
